// !$*UTF8*$!
{
	archiveVersion = 1;
	classes = {
	};
	objectVersion = 50;
	objects = {

/* Begin PBXBuildFile section */
		9DAB3B6F241D42CD00D52373 /* AppDelegate.swift in Sources */ = {isa = PBXBuildFile; fileRef = 9DAB3B6E241D42CD00D52373 /* AppDelegate.swift */; };
		9DAB3B71241D42CD00D52373 /* SceneDelegate.swift in Sources */ = {isa = PBXBuildFile; fileRef = 9DAB3B70241D42CD00D52373 /* SceneDelegate.swift */; };
		9DAB3B76241D42CD00D52373 /* Main.storyboard in Resources */ = {isa = PBXBuildFile; fileRef = 9DAB3B74241D42CD00D52373 /* Main.storyboard */; };
		9DAB3B78241D42CE00D52373 /* Assets.xcassets in Resources */ = {isa = PBXBuildFile; fileRef = 9DAB3B77241D42CE00D52373 /* Assets.xcassets */; };
		9DAB3B7B241D42CE00D52373 /* LaunchScreen.storyboard in Resources */ = {isa = PBXBuildFile; fileRef = 9DAB3B79241D42CE00D52373 /* LaunchScreen.storyboard */; };
		9DAB3B83241D451500D52373 /* ToDoListVC.swift in Sources */ = {isa = PBXBuildFile; fileRef = 9DAB3B82241D451500D52373 /* ToDoListVC.swift */; };
		9DAB3B87241D46F500D52373 /* Constant.swift in Sources */ = {isa = PBXBuildFile; fileRef = 9DAB3B86241D46F500D52373 /* Constant.swift */; };
/* End PBXBuildFile section */

/* Begin PBXFileReference section */
		9DAB3B6B241D42CD00D52373 /* ToDoListApp.app */ = {isa = PBXFileReference; explicitFileType = wrapper.application; includeInIndex = 0; path = ToDoListApp.app; sourceTree = BUILT_PRODUCTS_DIR; };
		9DAB3B6E241D42CD00D52373 /* AppDelegate.swift */ = {isa = PBXFileReference; lastKnownFileType = sourcecode.swift; path = AppDelegate.swift; sourceTree = "<group>"; };
		9DAB3B70241D42CD00D52373 /* SceneDelegate.swift */ = {isa = PBXFileReference; lastKnownFileType = sourcecode.swift; path = SceneDelegate.swift; sourceTree = "<group>"; };
		9DAB3B75241D42CD00D52373 /* Base */ = {isa = PBXFileReference; lastKnownFileType = file.storyboard; name = Base; path = Base.lproj/Main.storyboard; sourceTree = "<group>"; };
		9DAB3B77241D42CE00D52373 /* Assets.xcassets */ = {isa = PBXFileReference; lastKnownFileType = folder.assetcatalog; path = Assets.xcassets; sourceTree = "<group>"; };
		9DAB3B7A241D42CE00D52373 /* Base */ = {isa = PBXFileReference; lastKnownFileType = file.storyboard; name = Base; path = Base.lproj/LaunchScreen.storyboard; sourceTree = "<group>"; };
		9DAB3B7C241D42CE00D52373 /* Info.plist */ = {isa = PBXFileReference; lastKnownFileType = text.plist.xml; path = Info.plist; sourceTree = "<group>"; };
		9DAB3B82241D451500D52373 /* ToDoListVC.swift */ = {isa = PBXFileReference; lastKnownFileType = sourcecode.swift; path = ToDoListVC.swift; sourceTree = "<group>"; };
		9DAB3B86241D46F500D52373 /* Constant.swift */ = {isa = PBXFileReference; lastKnownFileType = sourcecode.swift; path = Constant.swift; sourceTree = "<group>"; };
/* End PBXFileReference section */

/* Begin PBXFrameworksBuildPhase section */
		9DAB3B68241D42CD00D52373 /* Frameworks */ = {
			isa = PBXFrameworksBuildPhase;
			buildActionMask = 2147483647;
			files = (
			);
			runOnlyForDeploymentPostprocessing = 0;
		};
/* End PBXFrameworksBuildPhase section */

/* Begin PBXGroup section */
		9DAB3B62241D42CD00D52373 = {
			isa = PBXGroup;
			children = (
				9DAB3B6D241D42CD00D52373 /* ToDoListApp */,
				9DAB3B6C241D42CD00D52373 /* Products */,
			);
			sourceTree = "<group>";
		};
		9DAB3B6C241D42CD00D52373 /* Products */ = {
			isa = PBXGroup;
			children = (
				9DAB3B6B241D42CD00D52373 /* ToDoListApp.app */,
			);
			name = Products;
			sourceTree = "<group>";
		};
		9DAB3B6D241D42CD00D52373 /* ToDoListApp */ = {
			isa = PBXGroup;
			children = (
				9DAB3B88241D470100D52373 /* Model */,
				9DAB3B85241D455D00D52373 /* View */,
				9DAB3B84241D454B00D52373 /* Controller */,
				9DAB3B6E241D42CD00D52373 /* AppDelegate.swift */,
				9DAB3B70241D42CD00D52373 /* SceneDelegate.swift */,
				9DAB3B77241D42CE00D52373 /* Assets.xcassets */,
				9DAB3B79241D42CE00D52373 /* LaunchScreen.storyboard */,
				9DAB3B7C241D42CE00D52373 /* Info.plist */,
			);
			path = ToDoListApp;
			sourceTree = "<group>";
		};
		9DAB3B84241D454B00D52373 /* Controller */ = {
			isa = PBXGroup;
			children = (
				9DAB3B82241D451500D52373 /* ToDoListVC.swift */,
			);
			path = Controller;
			sourceTree = "<group>";
		};
		9DAB3B85241D455D00D52373 /* View */ = {
			isa = PBXGroup;
			children = (
				9DAB3B74241D42CD00D52373 /* Main.storyboard */,
			);
			path = View;
			sourceTree = "<group>";
		};
		9DAB3B88241D470100D52373 /* Model */ = {
			isa = PBXGroup;
			children = (
				9DAB3B86241D46F500D52373 /* Constant.swift */,
			);
			path = Model;
			sourceTree = "<group>";
		};
/* End PBXGroup section */

/* Begin PBXNativeTarget section */
		9DAB3B6A241D42CD00D52373 /* ToDoListApp */ = {
			isa = PBXNativeTarget;
			buildConfigurationList = 9DAB3B7F241D42CE00D52373 /* Build configuration list for PBXNativeTarget "ToDoListApp" */;
			buildPhases = (
				9DAB3B67241D42CD00D52373 /* Sources */,
				9DAB3B68241D42CD00D52373 /* Frameworks */,
				9DAB3B69241D42CD00D52373 /* Resources */,
			);
			buildRules = (
			);
			dependencies = (
			);
			name = ToDoListApp;
			productName = ToDoListApp;
			productReference = 9DAB3B6B241D42CD00D52373 /* ToDoListApp.app */;
			productType = "com.apple.product-type.application";
		};
/* End PBXNativeTarget section */

/* Begin PBXProject section */
		9DAB3B63241D42CD00D52373 /* Project object */ = {
			isa = PBXProject;
			attributes = {
				LastSwiftUpdateCheck = 1130;
				LastUpgradeCheck = 1130;
				ORGANIZATIONNAME = wentao;
				TargetAttributes = {
					9DAB3B6A241D42CD00D52373 = {
						CreatedOnToolsVersion = 11.3;
					};
				};
			};
			buildConfigurationList = 9DAB3B66241D42CD00D52373 /* Build configuration list for PBXProject "ToDoListApp" */;
			compatibilityVersion = "Xcode 9.3";
			developmentRegion = en;
			hasScannedForEncodings = 0;
			knownRegions = (
				en,
				Base,
			);
			mainGroup = 9DAB3B62241D42CD00D52373;
			productRefGroup = 9DAB3B6C241D42CD00D52373 /* Products */;
			projectDirPath = "";
			projectRoot = "";
			targets = (
				9DAB3B6A241D42CD00D52373 /* ToDoListApp */,
			);
		};
/* End PBXProject section */

/* Begin PBXResourcesBuildPhase section */
		9DAB3B69241D42CD00D52373 /* Resources */ = {
			isa = PBXResourcesBuildPhase;
			buildActionMask = 2147483647;
			files = (
				9DAB3B7B241D42CE00D52373 /* LaunchScreen.storyboard in Resources */,
				9DAB3B78241D42CE00D52373 /* Assets.xcassets in Resources */,
				9DAB3B76241D42CD00D52373 /* Main.storyboard in Resources */,
			);
			runOnlyForDeploymentPostprocessing = 0;
		};
/* End PBXResourcesBuildPhase section */

/* Begin PBXSourcesBuildPhase section */
		9DAB3B67241D42CD00D52373 /* Sources */ = {
			isa = PBXSourcesBuildPhase;
			buildActionMask = 2147483647;
			files = (
				9DAB3B83241D451500D52373 /* ToDoListVC.swift in Sources */,
				9DAB3B6F241D42CD00D52373 /* AppDelegate.swift in Sources */,
				9DAB3B71241D42CD00D52373 /* SceneDelegate.swift in Sources */,
				9DAB3B87241D46F500D52373 /* Constant.swift in Sources */,
			);
			runOnlyForDeploymentPostprocessing = 0;
		};
/* End PBXSourcesBuildPhase section */

/* Begin PBXVariantGroup section */
		9DAB3B74241D42CD00D52373 /* Main.storyboard */ = {
			isa = PBXVariantGroup;
			children = (
				9DAB3B75241D42CD00D52373 /* Base */,
			);
			name = Main.storyboard;
			sourceTree = "<group>";
		};
		9DAB3B79241D42CE00D52373 /* LaunchScreen.storyboard */ = {
			isa = PBXVariantGroup;
			children = (
				9DAB3B7A241D42CE00D52373 /* Base */,
			);
			name = LaunchScreen.storyboard;
			sourceTree = "<group>";
		};
/* End PBXVariantGroup section */

/* Begin XCBuildConfiguration section */
		9DAB3B7D241D42CE00D52373 /* Debug */ = {
			isa = XCBuildConfiguration;
			buildSettings = {
				ALWAYS_SEARCH_USER_PATHS = NO;
				CLANG_ANALYZER_NONNULL = YES;
				CLANG_ANALYZER_NUMBER_OBJECT_CONVERSION = YES_AGGRESSIVE;
				CLANG_CXX_LANGUAGE_STANDARD = "gnu++14";
				CLANG_CXX_LIBRARY = "libc++";
				CLANG_ENABLE_MODULES = YES;
				CLANG_ENABLE_OBJC_ARC = YES;
				CLANG_ENABLE_OBJC_WEAK = YES;
				CLANG_WARN_BLOCK_CAPTURE_AUTORELEASING = YES;
				CLANG_WARN_BOOL_CONVERSION = YES;
				CLANG_WARN_COMMA = YES;
				CLANG_WARN_CONSTANT_CONVERSION = YES;
				CLANG_WARN_DEPRECATED_OBJC_IMPLEMENTATIONS = YES;
				CLANG_WARN_DIRECT_OBJC_ISA_USAGE = YES_ERROR;
				CLANG_WARN_DOCUMENTATION_COMMENTS = YES;
				CLANG_WARN_EMPTY_BODY = YES;
				CLANG_WARN_ENUM_CONVERSION = YES;
				CLANG_WARN_INFINITE_RECURSION = YES;
				CLANG_WARN_INT_CONVERSION = YES;
				CLANG_WARN_NON_LITERAL_NULL_CONVERSION = YES;
				CLANG_WARN_OBJC_IMPLICIT_RETAIN_SELF = YES;
				CLANG_WARN_OBJC_LITERAL_CONVERSION = YES;
				CLANG_WARN_OBJC_ROOT_CLASS = YES_ERROR;
				CLANG_WARN_RANGE_LOOP_ANALYSIS = YES;
				CLANG_WARN_STRICT_PROTOTYPES = YES;
				CLANG_WARN_SUSPICIOUS_MOVE = YES;
				CLANG_WARN_UNGUARDED_AVAILABILITY = YES_AGGRESSIVE;
				CLANG_WARN_UNREACHABLE_CODE = YES;
				CLANG_WARN__DUPLICATE_METHOD_MATCH = YES;
				COPY_PHASE_STRIP = NO;
				DEBUG_INFORMATION_FORMAT = dwarf;
				ENABLE_STRICT_OBJC_MSGSEND = YES;
				ENABLE_TESTABILITY = YES;
				GCC_C_LANGUAGE_STANDARD = gnu11;
				GCC_DYNAMIC_NO_PIC = NO;
				GCC_NO_COMMON_BLOCKS = YES;
				GCC_OPTIMIZATION_LEVEL = 0;
				GCC_PREPROCESSOR_DEFINITIONS = (
					"DEBUG=1",
					"$(inherited)",
				);
				GCC_WARN_64_TO_32_BIT_CONVERSION = YES;
				GCC_WARN_ABOUT_RETURN_TYPE = YES_ERROR;
				GCC_WARN_UNDECLARED_SELECTOR = YES;
				GCC_WARN_UNINITIALIZED_AUTOS = YES_AGGRESSIVE;
				GCC_WARN_UNUSED_FUNCTION = YES;
				GCC_WARN_UNUSED_VARIABLE = YES;
				IPHONEOS_DEPLOYMENT_TARGET = 13.2;
				MTL_ENABLE_DEBUG_INFO = INCLUDE_SOURCE;
				MTL_FAST_MATH = YES;
				ONLY_ACTIVE_ARCH = YES;
				SDKROOT = iphoneos;
				SWIFT_ACTIVE_COMPILATION_CONDITIONS = DEBUG;
				SWIFT_OPTIMIZATION_LEVEL = "-Onone";
			};
			name = Debug;
		};
		9DAB3B7E241D42CE00D52373 /* Release */ = {
			isa = XCBuildConfiguration;
			buildSettings = {
				ALWAYS_SEARCH_USER_PATHS = NO;
				CLANG_ANALYZER_NONNULL = YES;
				CLANG_ANALYZER_NUMBER_OBJECT_CONVERSION = YES_AGGRESSIVE;
				CLANG_CXX_LANGUAGE_STANDARD = "gnu++14";
				CLANG_CXX_LIBRARY = "libc++";
				CLANG_ENABLE_MODULES = YES;
				CLANG_ENABLE_OBJC_ARC = YES;
				CLANG_ENABLE_OBJC_WEAK = YES;
				CLANG_WARN_BLOCK_CAPTURE_AUTORELEASING = YES;
				CLANG_WARN_BOOL_CONVERSION = YES;
				CLANG_WARN_COMMA = YES;
				CLANG_WARN_CONSTANT_CONVERSION = YES;
				CLANG_WARN_DEPRECATED_OBJC_IMPLEMENTATIONS = YES;
				CLANG_WARN_DIRECT_OBJC_ISA_USAGE = YES_ERROR;
				CLANG_WARN_DOCUMENTATION_COMMENTS = YES;
				CLANG_WARN_EMPTY_BODY = YES;
				CLANG_WARN_ENUM_CONVERSION = YES;
				CLANG_WARN_INFINITE_RECURSION = YES;
				CLANG_WARN_INT_CONVERSION = YES;
				CLANG_WARN_NON_LITERAL_NULL_CONVERSION = YES;
				CLANG_WARN_OBJC_IMPLICIT_RETAIN_SELF = YES;
				CLANG_WARN_OBJC_LITERAL_CONVERSION = YES;
				CLANG_WARN_OBJC_ROOT_CLASS = YES_ERROR;
				CLANG_WARN_RANGE_LOOP_ANALYSIS = YES;
				CLANG_WARN_STRICT_PROTOTYPES = YES;
				CLANG_WARN_SUSPICIOUS_MOVE = YES;
				CLANG_WARN_UNGUARDED_AVAILABILITY = YES_AGGRESSIVE;
				CLANG_WARN_UNREACHABLE_CODE = YES;
				CLANG_WARN__DUPLICATE_METHOD_MATCH = YES;
				COPY_PHASE_STRIP = NO;
				DEBUG_INFORMATION_FORMAT = "dwarf-with-dsym";
				ENABLE_NS_ASSERTIONS = NO;
				ENABLE_STRICT_OBJC_MSGSEND = YES;
				GCC_C_LANGUAGE_STANDARD = gnu11;
				GCC_NO_COMMON_BLOCKS = YES;
				GCC_WARN_64_TO_32_BIT_CONVERSION = YES;
				GCC_WARN_ABOUT_RETURN_TYPE = YES_ERROR;
				GCC_WARN_UNDECLARED_SELECTOR = YES;
				GCC_WARN_UNINITIALIZED_AUTOS = YES_AGGRESSIVE;
				GCC_WARN_UNUSED_FUNCTION = YES;
				GCC_WARN_UNUSED_VARIABLE = YES;
				IPHONEOS_DEPLOYMENT_TARGET = 13.2;
				MTL_ENABLE_DEBUG_INFO = NO;
				MTL_FAST_MATH = YES;
				SDKROOT = iphoneos;
				SWIFT_COMPILATION_MODE = wholemodule;
				SWIFT_OPTIMIZATION_LEVEL = "-O";
				VALIDATE_PRODUCT = YES;
			};
			name = Release;
		};
		9DAB3B80241D42CE00D52373 /* Debug */ = {
			isa = XCBuildConfiguration;
			buildSettings = {
				ASSETCATALOG_COMPILER_APPICON_NAME = AppIcon;
				CODE_SIGN_STYLE = Automatic;
				DEVELOPMENT_TEAM = G8MRTK77D7;
				INFOPLIST_FILE = ToDoListApp/Info.plist;
				LD_RUNPATH_SEARCH_PATHS = (
					"$(inherited)",
					"@executable_path/Frameworks",
				);
				PRODUCT_BUNDLE_IDENTIFIER = com.sheldon.ToDoListApp;
				PRODUCT_NAME = "$(TARGET_NAME)";
				SWIFT_VERSION = 5.0;
				TARGETED_DEVICE_FAMILY = "1,2";
			};
			name = Debug;
		};
		9DAB3B81241D42CE00D52373 /* Release */ = {
			isa = XCBuildConfiguration;
			buildSettings = {
				ASSETCATALOG_COMPILER_APPICON_NAME = AppIcon;
				CODE_SIGN_STYLE = Automatic;
				DEVELOPMENT_TEAM = G8MRTK77D7;
				INFOPLIST_FILE = ToDoListApp/Info.plist;
				LD_RUNPATH_SEARCH_PATHS = (
					"$(inherited)",
					"@executable_path/Frameworks",
				);
				PRODUCT_BUNDLE_IDENTIFIER = com.sheldon.ToDoListApp;
				PRODUCT_NAME = "$(TARGET_NAME)";
				SWIFT_VERSION = 5.0;
				TARGETED_DEVICE_FAMILY = "1,2";
			};
			name = Release;
		};
/* End XCBuildConfiguration section */

/* Begin XCConfigurationList section */
		9DAB3B66241D42CD00D52373 /* Build configuration list for PBXProject "ToDoListApp" */ = {
			isa = XCConfigurationList;
			buildConfigurations = (
				9DAB3B7D241D42CE00D52373 /* Debug */,
				9DAB3B7E241D42CE00D52373 /* Release */,
			);
			defaultConfigurationIsVisible = 0;
			defaultConfigurationName = Release;
		};
		9DAB3B7F241D42CE00D52373 /* Build configuration list for PBXNativeTarget "ToDoListApp" */ = {
			isa = XCConfigurationList;
			buildConfigurations = (
				9DAB3B80241D42CE00D52373 /* Debug */,
				9DAB3B81241D42CE00D52373 /* Release */,
			);
			defaultConfigurationIsVisible = 0;
			defaultConfigurationName = Release;
		};
/* End XCConfigurationList section */
	};
	rootObject = 9DAB3B63241D42CD00D52373 /* Project object */;
}
